
Microsoft Visual Studio Solution File, Format Version 12.00
# Visual Studio 15
VisualStudioVersion = 15.0.26730.16
MinimumVisualStudioVersion = 10.0.40219.1
Project("{9A19103F-16F7-4668-BE54-9A1E7A4F7556}") = "Market_Scanner", "Market Scanner\Market_Scanner.csproj", "{6251AEB8-5988-4965-BA30-BEF5EAEB451C}"
EndProject
Global
	GlobalSection(SolutionConfigurationPlatforms) = preSolution
		Debug|Any CPU = Debug|Any CPU
		Debug|x64 = Debug|x64
		Release|Any CPU = Release|Any CPU
		Release|x64 = Release|x64
	EndGlobalSection
	GlobalSection(ProjectConfigurationPlatforms) = postSolution
		{6251AEB8-5988-4965-BA30-BEF5EAEB451C}.Debug|Any CPU.ActiveCfg = Debug|Any CPU
		{6251AEB8-5988-4965-BA30-BEF5EAEB451C}.Debug|Any CPU.Build.0 = Debug|Any CPU
		{6251AEB8-5988-4965-BA30-BEF5EAEB451C}.Debug|x64.ActiveCfg = Debug|x64
		{6251AEB8-5988-4965-BA30-BEF5EAEB451C}.Debug|x64.Build.0 = Debug|x64
		{6251AEB8-5988-4965-BA30-BEF5EAEB451C}.Release|Any CPU.ActiveCfg = Release|Any CPU
		{6251AEB8-5988-4965-BA30-BEF5EAEB451C}.Release|Any CPU.Build.0 = Release|Any CPU
		{6251AEB8-5988-4965-BA30-BEF5EAEB451C}.Release|x64.ActiveCfg = Release|x64
		{6251AEB8-5988-4965-BA30-BEF5EAEB451C}.Release|x64.Build.0 = Release|x64
	EndGlobalSection
	GlobalSection(SolutionProperties) = preSolution
		HideSolutionNode = FALSE
	EndGlobalSection
	GlobalSection(ExtensibilityGlobals) = postSolution
		SolutionGuid = {916D099A-AA00-4047-A826-A0A66164979A}
	EndGlobalSection
EndGlobal
